
Microsoft Visual Studio Solution File, Format Version 12.00
# Visual Studio 2013
VisualStudioVersion = 12.0.30110.0
MinimumVisualStudioVersion = 10.0.40219.1
Project("{FAE04EC0-301F-11D3-BF4B-00C04F79EFBC}") = "NLog.MongoDB", "NLog.MongoDB\NLog.MongoDB.csproj", "{1887CB18-8976-4970-A0C9-F739C21F08FB}"
EndProject
Project("{FAE04EC0-301F-11D3-BF4B-00C04F79EFBC}") = "NLog.MongoDB.Test", "NLog.MongoDB.Test\NLog.MongoDB.Test.csproj", "{5C0750B3-D0AC-4263-AE85-0D43E49D71D6}"
EndProject
Global
	GlobalSection(SolutionConfigurationPlatforms) = preSolution
		Debug|Any CPU = Debug|Any CPU
		Release|Any CPU = Release|Any CPU
	EndGlobalSection
	GlobalSection(ProjectConfigurationPlatforms) = postSolution
		{1887CB18-8976-4970-A0C9-F739C21F08FB}.Debug|Any CPU.ActiveCfg = Debug|Any CPU
		{1887CB18-8976-4970-A0C9-F739C21F08FB}.Debug|Any CPU.Build.0 = Debug|Any CPU
		{1887CB18-8976-4970-A0C9-F739C21F08FB}.Release|Any CPU.ActiveCfg = Release|Any CPU
		{1887CB18-8976-4970-A0C9-F739C21F08FB}.Release|Any CPU.Build.0 = Release|Any CPU
		{5C0750B3-D0AC-4263-AE85-0D43E49D71D6}.Debug|Any CPU.ActiveCfg = Debug|Any CPU
		{5C0750B3-D0AC-4263-AE85-0D43E49D71D6}.Debug|Any CPU.Build.0 = Debug|Any CPU
		{5C0750B3-D0AC-4263-AE85-0D43E49D71D6}.Release|Any CPU.ActiveCfg = Release|Any CPU
		{5C0750B3-D0AC-4263-AE85-0D43E49D71D6}.Release|Any CPU.Build.0 = Release|Any CPU
	EndGlobalSection
	GlobalSection(SolutionProperties) = preSolution
		HideSolutionNode = FALSE
	EndGlobalSection
EndGlobal
